
Microsoft Visual Studio Solution File, Format Version 12.00
# Visual Studio Version 17
VisualStudioVersion = 17.14.36127.28
MinimumVisualStudioVersion = 10.0.40219.1
Project("{FAE04EC0-301F-11D3-BF4B-00C04F79EFBC}") = "Task_1", "Task_1\Task_1.csproj", "{5E2A0635-29D9-485D-A8EF-C0E2ADC873C9}"
EndProject
Project("{FAE04EC0-301F-11D3-BF4B-00C04F79EFBC}") = "Task_2", "Task_2\Task_2.csproj", "{85D3C510-6752-4CB3-98BA-2FA71556C33E}"
EndProject
Project("{FAE04EC0-301F-11D3-BF4B-00C04F79EFBC}") = "Task3", "Task3\Task3.csproj", "{AC522301-0167-4EF0-8103-1F35DD2C4E12}"
EndProject
Project("{FAE04EC0-301F-11D3-BF4B-00C04F79EFBC}") = "Task_4", "Task_4\Task_4.csproj", "{3ECC7EF0-D05F-4AA9-87A4-34B5F34B3073}"
EndProject
Project("{FAE04EC0-301F-11D3-BF4B-00C04F79EFBC}") = "Task_5", "Task_5\Task_5.csproj", "{18B47A8D-044C-4E99-8118-CAF20F89DC61}"
EndProject
Global
	GlobalSection(SolutionConfigurationPlatforms) = preSolution
		Debug|Any CPU = Debug|Any CPU
		Release|Any CPU = Release|Any CPU
	EndGlobalSection
	GlobalSection(ProjectConfigurationPlatforms) = postSolution
		{5E2A0635-29D9-485D-A8EF-C0E2ADC873C9}.Debug|Any CPU.ActiveCfg = Debug|Any CPU
		{5E2A0635-29D9-485D-A8EF-C0E2ADC873C9}.Debug|Any CPU.Build.0 = Debug|Any CPU
		{5E2A0635-29D9-485D-A8EF-C0E2ADC873C9}.Release|Any CPU.ActiveCfg = Release|Any CPU
		{5E2A0635-29D9-485D-A8EF-C0E2ADC873C9}.Release|Any CPU.Build.0 = Release|Any CPU
		{85D3C510-6752-4CB3-98BA-2FA71556C33E}.Debug|Any CPU.ActiveCfg = Debug|Any CPU
		{85D3C510-6752-4CB3-98BA-2FA71556C33E}.Debug|Any CPU.Build.0 = Debug|Any CPU
		{85D3C510-6752-4CB3-98BA-2FA71556C33E}.Release|Any CPU.ActiveCfg = Release|Any CPU
		{85D3C510-6752-4CB3-98BA-2FA71556C33E}.Release|Any CPU.Build.0 = Release|Any CPU
		{AC522301-0167-4EF0-8103-1F35DD2C4E12}.Debug|Any CPU.ActiveCfg = Debug|Any CPU
		{AC522301-0167-4EF0-8103-1F35DD2C4E12}.Debug|Any CPU.Build.0 = Debug|Any CPU
		{AC522301-0167-4EF0-8103-1F35DD2C4E12}.Release|Any CPU.ActiveCfg = Release|Any CPU
		{AC522301-0167-4EF0-8103-1F35DD2C4E12}.Release|Any CPU.Build.0 = Release|Any CPU
		{3ECC7EF0-D05F-4AA9-87A4-34B5F34B3073}.Debug|Any CPU.ActiveCfg = Debug|Any CPU
		{3ECC7EF0-D05F-4AA9-87A4-34B5F34B3073}.Debug|Any CPU.Build.0 = Debug|Any CPU
		{3ECC7EF0-D05F-4AA9-87A4-34B5F34B3073}.Release|Any CPU.ActiveCfg = Release|Any CPU
		{3ECC7EF0-D05F-4AA9-87A4-34B5F34B3073}.Release|Any CPU.Build.0 = Release|Any CPU
		{18B47A8D-044C-4E99-8118-CAF20F89DC61}.Debug|Any CPU.ActiveCfg = Debug|Any CPU
		{18B47A8D-044C-4E99-8118-CAF20F89DC61}.Debug|Any CPU.Build.0 = Debug|Any CPU
		{18B47A8D-044C-4E99-8118-CAF20F89DC61}.Release|Any CPU.ActiveCfg = Release|Any CPU
		{18B47A8D-044C-4E99-8118-CAF20F89DC61}.Release|Any CPU.Build.0 = Release|Any CPU
	EndGlobalSection
	GlobalSection(SolutionProperties) = preSolution
		HideSolutionNode = FALSE
	EndGlobalSection
	GlobalSection(ExtensibilityGlobals) = postSolution
		SolutionGuid = {F3343FE8-9D6D-4DE5-9476-19DA0A270D6C}
	EndGlobalSection
EndGlobal
