
Microsoft Visual Studio Solution File, Format Version 12.00
# Visual Studio Version 17
VisualStudioVersion = 17.14.36127.28 d17.14
MinimumVisualStudioVersion = 10.0.40219.1
Project("{FAE04EC0-301F-11D3-BF4B-00C04F79EFBC}") = "Task_1", "Task_1\Task_1.csproj", "{F15A1E77-F8A9-4811-821D-AFA104A1D532}"
EndProject
Project("{FAE04EC0-301F-11D3-BF4B-00C04F79EFBC}") = "Task_2", "Task_2\Task_2.csproj", "{44EB0FE7-83C6-46C9-853A-20AE72CA6E74}"
EndProject
Project("{FAE04EC0-301F-11D3-BF4B-00C04F79EFBC}") = "Task_3", "Task_3\Task_3.csproj", "{197AAE22-10CE-42DD-B6DC-D7DA3CB691A9}"
EndProject
Project("{FAE04EC0-301F-11D3-BF4B-00C04F79EFBC}") = "Task_4", "Task_4\Task_4.csproj", "{67EF2816-42E0-4057-BA0A-A3004927FB07}"
EndProject
Project("{FAE04EC0-301F-11D3-BF4B-00C04F79EFBC}") = "Task_5", "Task_5\Task_5.csproj", "{8295EB72-575D-408E-A49E-37D31E6D34D0}"
EndProject
Global
	GlobalSection(SolutionConfigurationPlatforms) = preSolution
		Debug|Any CPU = Debug|Any CPU
		Release|Any CPU = Release|Any CPU
	EndGlobalSection
	GlobalSection(ProjectConfigurationPlatforms) = postSolution
		{F15A1E77-F8A9-4811-821D-AFA104A1D532}.Debug|Any CPU.ActiveCfg = Debug|Any CPU
		{F15A1E77-F8A9-4811-821D-AFA104A1D532}.Debug|Any CPU.Build.0 = Debug|Any CPU
		{F15A1E77-F8A9-4811-821D-AFA104A1D532}.Release|Any CPU.ActiveCfg = Release|Any CPU
		{F15A1E77-F8A9-4811-821D-AFA104A1D532}.Release|Any CPU.Build.0 = Release|Any CPU
		{44EB0FE7-83C6-46C9-853A-20AE72CA6E74}.Debug|Any CPU.ActiveCfg = Debug|Any CPU
		{44EB0FE7-83C6-46C9-853A-20AE72CA6E74}.Debug|Any CPU.Build.0 = Debug|Any CPU
		{44EB0FE7-83C6-46C9-853A-20AE72CA6E74}.Release|Any CPU.ActiveCfg = Release|Any CPU
		{44EB0FE7-83C6-46C9-853A-20AE72CA6E74}.Release|Any CPU.Build.0 = Release|Any CPU
		{197AAE22-10CE-42DD-B6DC-D7DA3CB691A9}.Debug|Any CPU.ActiveCfg = Debug|Any CPU
		{197AAE22-10CE-42DD-B6DC-D7DA3CB691A9}.Debug|Any CPU.Build.0 = Debug|Any CPU
		{197AAE22-10CE-42DD-B6DC-D7DA3CB691A9}.Release|Any CPU.ActiveCfg = Release|Any CPU
		{197AAE22-10CE-42DD-B6DC-D7DA3CB691A9}.Release|Any CPU.Build.0 = Release|Any CPU
		{67EF2816-42E0-4057-BA0A-A3004927FB07}.Debug|Any CPU.ActiveCfg = Debug|Any CPU
		{67EF2816-42E0-4057-BA0A-A3004927FB07}.Debug|Any CPU.Build.0 = Debug|Any CPU
		{67EF2816-42E0-4057-BA0A-A3004927FB07}.Release|Any CPU.ActiveCfg = Release|Any CPU
		{67EF2816-42E0-4057-BA0A-A3004927FB07}.Release|Any CPU.Build.0 = Release|Any CPU
		{8295EB72-575D-408E-A49E-37D31E6D34D0}.Debug|Any CPU.ActiveCfg = Debug|Any CPU
		{8295EB72-575D-408E-A49E-37D31E6D34D0}.Debug|Any CPU.Build.0 = Debug|Any CPU
		{8295EB72-575D-408E-A49E-37D31E6D34D0}.Release|Any CPU.ActiveCfg = Release|Any CPU
		{8295EB72-575D-408E-A49E-37D31E6D34D0}.Release|Any CPU.Build.0 = Release|Any CPU
	EndGlobalSection
	GlobalSection(SolutionProperties) = preSolution
		HideSolutionNode = FALSE
	EndGlobalSection
	GlobalSection(ExtensibilityGlobals) = postSolution
		SolutionGuid = {6771B5AF-E47B-4C6F-A1D8-E6C3BE1789D3}
	EndGlobalSection
EndGlobal
